// !$*UTF8*$!
{
	archiveVersion = 1;
	classes = {
	};
	objectVersion = 77;
	objects = {

/* Begin PBXContainerItemProxy section */
		E7DF489D2F8561EA00C26A41 /* PBXContainerItemProxy */ = {
			isa = PBXContainerItemProxy;
			containerPortal = E7DF48872F8561E900C26A41 /* Project object */;
			proxyType = 1;
			remoteGlobalIDString = E7DF488E2F8561E900C26A41;
			remoteInfo = Kei3Birds;
		};
		E7DF48A72F8561EA00C26A41 /* PBXContainerItemProxy */ = {
			isa = PBXContainerItemProxy;
			containerPortal = E7DF48872F8561E900C26A41 /* Project object */;
			proxyType = 1;
			remoteGlobalIDString = E7DF488E2F8561E900C26A41;
			remoteInfo = Kei3Birds;
		};
/* End PBXContainerItemProxy section */

/* Begin PBXFileReference section */
		E7DF488F2F8561E900C26A41 /* Kei3Birds.app */ = {isa = PBXFileReference; explicitFileType = wrapper.application; includeInIndex = 0; path = Kei3Birds.app; sourceTree = BUILT_PRODUCTS_DIR; };
		E7DF489C2F8561EA00C26A41 /* Kei3BirdsTests.xctest */ = {isa = PBXFileReference; explicitFileType = wrapper.cfbundle; includeInIndex = 0; path = Kei3BirdsTests.xctest; sourceTree = BUILT_PRODUCTS_DIR; };
		E7DF48A62F8561EA00C26A41 /* Kei3BirdsUITests.xctest */ = {isa = PBXFileReference; explicitFileType = wrapper.cfbundle; includeInIndex = 0; path = Kei3BirdsUITests.xctest; sourceTree = BUILT_PRODUCTS_DIR; };
/* End PBXFileReference section */

/* Begin PBXFileSystemSynchronizedRootGroup section */
		E7DF48912F8561E900C26A41 /* Kei3Birds */ = {
			isa = PBXFileSystemSynchronizedRootGroup;
			path = Kei3Birds;
			sourceTree = "<group>";
		};
		E7DF489F2F8561EA00C26A41 /* Kei3BirdsTests */ = {
			isa = PBXFileSystemSynchronizedRootGroup;
			path = Kei3BirdsTests;
			sourceTree = "<group>";
		};
		E7DF48A92F8561EA00C26A41 /* Kei3BirdsUITests */ = {
			isa = PBXFileSystemSynchronizedRootGroup;
			path = Kei3BirdsUITests;
			sourceTree = "<group>";
		};
/* End PBXFileSystemSynchronizedRootGroup section */

/* Begin PBXFrameworksBuildPhase section */
		E7DF488C2F8561E900C26A41 /* Frameworks */ = {
			isa = PBXFrameworksBuildPhase;
			buildActionMask = 2147483647;
			files = (
			);
			runOnlyForDeploymentPostprocessing = 0;
		};
		E7DF48992F8561EA00C26A41 /* Frameworks */ = {
			isa = PBXFrameworksBuildPhase;
			buildActionMask = 2147483647;
			files = (
			);
			runOnlyForDeploymentPostprocessing = 0;
		};
		E7DF48A32F8561EA00C26A41 /* Frameworks */ = {
			isa = PBXFrameworksBuildPhase;
			buildActionMask = 2147483647;
			files = (
			);
			runOnlyForDeploymentPostprocessing = 0;
		};
/* End PBXFrameworksBuildPhase section */

/* Begin PBXGroup section */
		E7DF48862F8561E900C26A41 = {
			isa = PBXGroup;
			children = (
				E7DF48912F8561E900C26A41 /* Kei3Birds */,
				E7DF489F2F8561EA00C26A41 /* Kei3BirdsTests */,
				E7DF48A92F8561EA00C26A41 /* Kei3BirdsUITests */,
				E7DF48902F8561E900C26A41 /* Products */,
			);
			sourceTree = "<group>";
		};
		E7DF48902F8561E900C26A41 /* Products */ = {
			isa = PBXGroup;
			children = (
				E7DF488F2F8561E900C26A41 /* Kei3Birds.app */,
				E7DF489C2F8561EA00C26A41 /* Kei3BirdsTests.xctest */,
				E7DF48A62F8561EA00C26A41 /* Kei3BirdsUITests.xctest */,
			);
			name = Products;
			sourceTree = "<group>";
		};
/* End PBXGroup section */

/* Begin PBXNativeTarget section */
		E7DF488E2F8561E900C26A41 /* Kei3Birds */ = {
			isa = PBXNativeTarget;
			buildConfigurationList = E7DF48B02F8561EA00C26A41 /* Build configuration list for PBXNativeTarget "Kei3Birds" */;
			buildPhases = (
				E7DF488B2F8561E900C26A41 /* Sources */,
				E7DF488C2F8561E900C26A41 /* Frameworks */,
				E7DF488D2F8561E900C26A41 /* Resources */,
			);
			buildRules = (
			);
			dependencies = (
			);
			fileSystemSynchronizedGroups = (
				E7DF48912F8561E900C26A41 /* Kei3Birds */,
			);
			name = Kei3Birds;
			packageProductDependencies = (
			);
			productName = Kei3Birds;
			productReference = E7DF488F2F8561E900C26A41 /* Kei3Birds.app */;
			productType = "com.apple.product-type.application";
		};
		E7DF489B2F8561EA00C26A41 /* Kei3BirdsTests */ = {
			isa = PBXNativeTarget;
			buildConfigurationList = E7DF48B32F8561EA00C26A41 /* Build configuration list for PBXNativeTarget "Kei3BirdsTests" */;
			buildPhases = (
				E7DF48982F8561EA00C26A41 /* Sources */,
				E7DF48992F8561EA00C26A41 /* Frameworks */,
				E7DF489A2F8561EA00C26A41 /* Resources */,
			);
			buildRules = (
			);
			dependencies = (
				E7DF489E2F8561EA00C26A41 /* PBXTargetDependency */,
			);
			fileSystemSynchronizedGroups = (
				E7DF489F2F8561EA00C26A41 /* Kei3BirdsTests */,
			);
			name = Kei3BirdsTests;
			packageProductDependencies = (
			);
			productName = Kei3BirdsTests;
			productReference = E7DF489C2F8561EA00C26A41 /* Kei3BirdsTests.xctest */;
			productType = "com.apple.product-type.bundle.unit-test";
		};
		E7DF48A52F8561EA00C26A41 /* Kei3BirdsUITests */ = {
			isa = PBXNativeTarget;
			buildConfigurationList = E7DF48B62F8561EA00C26A41 /* Build configuration list for PBXNativeTarget "Kei3BirdsUITests" */;
			buildPhases = (
				E7DF48A22F8561EA00C26A41 /* Sources */,
				E7DF48A32F8561EA00C26A41 /* Frameworks */,
				E7DF48A42F8561EA00C26A41 /* Resources */,
			);
			buildRules = (
			);
			dependencies = (
				E7DF48A82F8561EA00C26A41 /* PBXTargetDependency */,
			);
			fileSystemSynchronizedGroups = (
				E7DF48A92F8561EA00C26A41 /* Kei3BirdsUITests */,
			);
			name = Kei3BirdsUITests;
			packageProductDependencies = (
			);
			productName = Kei3BirdsUITests;
			productReference = E7DF48A62F8561EA00C26A41 /* Kei3BirdsUITests.xctest */;
			productType = "com.apple.product-type.bundle.ui-testing";
		};
/* End PBXNativeTarget section */

/* Begin PBXProject section */
		E7DF48872F8561E900C26A41 /* Project object */ = {
			isa = PBXProject;
			attributes = {
				BuildIndependentTargetsInParallel = 1;
				LastSwiftUpdateCheck = 2620;
				LastUpgradeCheck = 2620;
				TargetAttributes = {
					E7DF488E2F8561E900C26A41 = {
						CreatedOnToolsVersion = 26.2;
					};
					E7DF489B2F8561EA00C26A41 = {
						CreatedOnToolsVersion = 26.2;
						TestTargetID = E7DF488E2F8561E900C26A41;
					};
					E7DF48A52F8561EA00C26A41 = {
						CreatedOnToolsVersion = 26.2;
						TestTargetID = E7DF488E2F8561E900C26A41;
					};
				};
			};
			buildConfigurationList = E7DF488A2F8561E900C26A41 /* Build configuration list for PBXProject "Kei3Birds" */;
			developmentRegion = en;
			hasScannedForEncodings = 0;
			knownRegions = (
				en,
				Base,
			);
			mainGroup = E7DF48862F8561E900C26A41;
			minimizedProjectReferenceProxies = 1;
			preferredProjectObjectVersion = 77;
			productRefGroup = E7DF48902F8561E900C26A41 /* Products */;
			projectDirPath = "";
			projectRoot = "";
			targets = (
				E7DF488E2F8561E900C26A41 /* Kei3Birds */,
				E7DF489B2F8561EA00C26A41 /* Kei3BirdsTests */,
				E7DF48A52F8561EA00C26A41 /* Kei3BirdsUITests */,
			);
		};
/* End PBXProject section */

/* Begin PBXResourcesBuildPhase section */
		E7DF488D2F8561E900C26A41 /* Resources */ = {
			isa = PBXResourcesBuildPhase;
			buildActionMask = 2147483647;
			files = (
			);
			runOnlyForDeploymentPostprocessing = 0;
		};
		E7DF489A2F8561EA00C26A41 /* Resources */ = {
			isa = PBXResourcesBuildPhase;
			buildActionMask = 2147483647;
			files = (
			);
			runOnlyForDeploymentPostprocessing = 0;
		};
		E7DF48A42F8561EA00C26A41 /* Resources */ = {
			isa = PBXResourcesBuildPhase;
			buildActionMask = 2147483647;
			files = (
			);
			runOnlyForDeploymentPostprocessing = 0;
		};
/* End PBXResourcesBuildPhase section */

/* Begin PBXSourcesBuildPhase section */
		E7DF488B2F8561E900C26A41 /* Sources */ = {
			isa = PBXSourcesBuildPhase;
			buildActionMask = 2147483647;
			files = (
			);
			runOnlyForDeploymentPostprocessing = 0;
		};
		E7DF48982F8561EA00C26A41 /* Sources */ = {
			isa = PBXSourcesBuildPhase;
			buildActionMask = 2147483647;
			files = (
			);
			runOnlyForDeploymentPostprocessing = 0;
		};
		E7DF48A22F8561EA00C26A41 /* Sources */ = {
			isa = PBXSourcesBuildPhase;
			buildActionMask = 2147483647;
			files = (
			);
			runOnlyForDeploymentPostprocessing = 0;
		};
/* End PBXSourcesBuildPhase section */

/* Begin PBXTargetDependency section */
		E7DF489E2F8561EA00C26A41 /* PBXTargetDependency */ = {
			isa = PBXTargetDependency;
			target = E7DF488E2F8561E900C26A41 /* Kei3Birds */;
			targetProxy = E7DF489D2F8561EA00C26A41 /* PBXContainerItemProxy */;
		};
		E7DF48A82F8561EA00C26A41 /* PBXTargetDependency */ = {
			isa = PBXTargetDependency;
			target = E7DF488E2F8561E900C26A41 /* Kei3Birds */;
			targetProxy = E7DF48A72F8561EA00C26A41 /* PBXContainerItemProxy */;
		};
/* End PBXTargetDependency section */

/* Begin XCBuildConfiguration section */
		E7DF48AE2F8561EA00C26A41 /* Debug */ = {
			isa = XCBuildConfiguration;
			buildSettings = {
				ALWAYS_SEARCH_USER_PATHS = NO;
				ASSETCATALOG_COMPILER_GENERATE_SWIFT_ASSET_SYMBOL_EXTENSIONS = YES;
				CLANG_ANALYZER_NONNULL = YES;
				CLANG_ANALYZER_NUMBER_OBJECT_CONVERSION = YES_AGGRESSIVE;
				CLANG_CXX_LANGUAGE_STANDARD = "gnu++20";
				CLANG_ENABLE_MODULES = YES;
				CLANG_ENABLE_OBJC_ARC = YES;
				CLANG_ENABLE_OBJC_WEAK = YES;
				CLANG_WARN_BLOCK_CAPTURE_AUTORELEASING = YES;
				CLANG_WARN_BOOL_CONVERSION = YES;
				CLANG_WARN_COMMA = YES;
				CLANG_WARN_CONSTANT_CONVERSION = YES;
				CLANG_WARN_DEPRECATED_OBJC_IMPLEMENTATIONS = YES;
				CLANG_WARN_DIRECT_OBJC_ISA_USAGE = YES_ERROR;
				CLANG_WARN_DOCUMENTATION_COMMENTS = YES;
				CLANG_WARN_EMPTY_BODY = YES;
				CLANG_WARN_ENUM_CONVERSION = YES;
				CLANG_WARN_INFINITE_RECURSION = YES;
				CLANG_WARN_INT_CONVERSION = YES;
				CLANG_WARN_NON_LITERAL_NULL_CONVERSION = YES;
				CLANG_WARN_OBJC_IMPLICIT_RETAIN_SELF = YES;
				CLANG_WARN_OBJC_LITERAL_CONVERSION = YES;
				CLANG_WARN_OBJC_ROOT_CLASS = YES_ERROR;
				CLANG_WARN_QUOTED_INCLUDE_IN_FRAMEWORK_HEADER = YES;
				CLANG_WARN_RANGE_LOOP_ANALYSIS = YES;
				CLANG_WARN_STRICT_PROTOTYPES = YES;
				CLANG_WARN_SUSPICIOUS_MOVE = YES;
				CLANG_WARN_UNGUARDED_AVAILABILITY = YES_AGGRESSIVE;
				CLANG_WARN_UNREACHABLE_CODE = YES;
				CLANG_WARN__DUPLICATE_METHOD_MATCH = YES;
				COPY_PHASE_STRIP = NO;
				DEBUG_INFORMATION_FORMAT = dwarf;
				DEVELOPMENT_TEAM = D2B3JPR4TJ;
				ENABLE_STRICT_OBJC_MSGSEND = YES;
				ENABLE_TESTABILITY = YES;
				ENABLE_USER_SCRIPT_SANDBOXING = YES;
				GCC_C_LANGUAGE_STANDARD = gnu17;
				GCC_DYNAMIC_NO_PIC = NO;
				GCC_NO_COMMON_BLOCKS = YES;
				GCC_OPTIMIZATION_LEVEL = 0;
				GCC_PREPROCESSOR_DEFINITIONS = (
					"DEBUG=1",
					"$(inherited)",
				);
				GCC_WARN_64_TO_32_BIT_CONVERSION = YES;
				GCC_WARN_ABOUT_RETURN_TYPE = YES_ERROR;
				GCC_WARN_UNDECLARED_SELECTOR = YES;
				GCC_WARN_UNINITIALIZED_AUTOS = YES_AGGRESSIVE;
				GCC_WARN_UNUSED_FUNCTION = YES;
				GCC_WARN_UNUSED_VARIABLE = YES;
				IPHONEOS_DEPLOYMENT_TARGET = 26.2;
				LOCALIZATION_PREFERS_STRING_CATALOGS = YES;
				MTL_ENABLE_DEBUG_INFO = INCLUDE_SOURCE;
				MTL_FAST_MATH = YES;
				ONLY_ACTIVE_ARCH = YES;
				SDKROOT = iphoneos;
				SWIFT_ACTIVE_COMPILATION_CONDITIONS = "DEBUG $(inherited)";
				SWIFT_OPTIMIZATION_LEVEL = "-Onone";
			};
			name = Debug;
		};
		E7DF48AF2F8561EA00C26A41 /* Release */ = {
			isa = XCBuildConfiguration;
			buildSettings = {
				ALWAYS_SEARCH_USER_PATHS = NO;
				ASSETCATALOG_COMPILER_GENERATE_SWIFT_ASSET_SYMBOL_EXTENSIONS = YES;
				CLANG_ANALYZER_NONNULL = YES;
				CLANG_ANALYZER_NUMBER_OBJECT_CONVERSION = YES_AGGRESSIVE;
				CLANG_CXX_LANGUAGE_STANDARD = "gnu++20";
				CLANG_ENABLE_MODULES = YES;
				CLANG_ENABLE_OBJC_ARC = YES;
				CLANG_ENABLE_OBJC_WEAK = YES;
				CLANG_WARN_BLOCK_CAPTURE_AUTORELEASING = YES;
				CLANG_WARN_BOOL_CONVERSION = YES;
				CLANG_WARN_COMMA = YES;
				CLANG_WARN_CONSTANT_CONVERSION = YES;
				CLANG_WARN_DEPRECATED_OBJC_IMPLEMENTATIONS = YES;
				CLANG_WARN_DIRECT_OBJC_ISA_USAGE = YES_ERROR;
				CLANG_WARN_DOCUMENTATION_COMMENTS = YES;
				CLANG_WARN_EMPTY_BODY = YES;
				CLANG_WARN_ENUM_CONVERSION = YES;
				CLANG_WARN_INFINITE_RECURSION = YES;
				CLANG_WARN_INT_CONVERSION = YES;
				CLANG_WARN_NON_LITERAL_NULL_CONVERSION = YES;
				CLANG_WARN_OBJC_IMPLICIT_RETAIN_SELF = YES;
				CLANG_WARN_OBJC_LITERAL_CONVERSION = YES;
				CLANG_WARN_OBJC_ROOT_CLASS = YES_ERROR;
				CLANG_WARN_QUOTED_INCLUDE_IN_FRAMEWORK_HEADER = YES;
				CLANG_WARN_RANGE_LOOP_ANALYSIS = YES;
				CLANG_WARN_STRICT_PROTOTYPES = YES;
				CLANG_WARN_SUSPICIOUS_MOVE = YES;
				CLANG_WARN_UNGUARDED_AVAILABILITY = YES_AGGRESSIVE;
				CLANG_WARN_UNREACHABLE_CODE = YES;
				CLANG_WARN__DUPLICATE_METHOD_MATCH = YES;
				COPY_PHASE_STRIP = NO;
				DEBUG_INFORMATION_FORMAT = "dwarf-with-dsym";
				DEVELOPMENT_TEAM = D2B3JPR4TJ;
				ENABLE_NS_ASSERTIONS = NO;
				ENABLE_STRICT_OBJC_MSGSEND = YES;
				ENABLE_USER_SCRIPT_SANDBOXING = YES;
				GCC_C_LANGUAGE_STANDARD = gnu17;
				GCC_NO_COMMON_BLOCKS = YES;
				GCC_WARN_64_TO_32_BIT_CONVERSION = YES;
				GCC_WARN_ABOUT_RETURN_TYPE = YES_ERROR;
				GCC_WARN_UNDECLARED_SELECTOR = YES;
				GCC_WARN_UNINITIALIZED_AUTOS = YES_AGGRESSIVE;
				GCC_WARN_UNUSED_FUNCTION = YES;
				GCC_WARN_UNUSED_VARIABLE = YES;
				IPHONEOS_DEPLOYMENT_TARGET = 26.2;
				LOCALIZATION_PREFERS_STRING_CATALOGS = YES;
				MTL_ENABLE_DEBUG_INFO = NO;
				MTL_FAST_MATH = YES;
				SDKROOT = iphoneos;
				SWIFT_COMPILATION_MODE = wholemodule;
				VALIDATE_PRODUCT = YES;
			};
			name = Release;
		};
		E7DF48B12F8561EA00C26A41 /* Debug */ = {
			isa = XCBuildConfiguration;
			buildSettings = {
				ASSETCATALOG_COMPILER_APPICON_NAME = AppIcon;
				ASSETCATALOG_COMPILER_GLOBAL_ACCENT_COLOR_NAME = AccentColor;
				CODE_SIGN_STYLE = Automatic;
				CURRENT_PROJECT_VERSION = 1;
				DEVELOPMENT_TEAM = D2B3JPR4TJ;
				ENABLE_PREVIEWS = YES;
				GENERATE_INFOPLIST_FILE = YES;
				INFOPLIST_KEY_NSCalendarsUsageDescription = "鳥の写真を撮影するためにカメラを使用します";
				INFOPLIST_KEY_NSLocationWhenInUseUsageDescription = "撮影場所を記録するために位置情報を使用します";
				INFOPLIST_KEY_NSPhotoLibraryUsageDescription = "撮影した鳥の写真を選択するためにフォトライブラリを使用します";
				INFOPLIST_KEY_UIApplicationSceneManifest_Generation = YES;
				INFOPLIST_KEY_UIApplicationSupportsIndirectInputEvents = YES;
				INFOPLIST_KEY_UILaunchScreen_Generation = YES;
				INFOPLIST_KEY_UISupportedInterfaceOrientations_iPad = "UIInterfaceOrientationPortrait UIInterfaceOrientationPortraitUpsideDown UIInterfaceOrientationLandscapeLeft UIInterfaceOrientationLandscapeRight";
				INFOPLIST_KEY_UISupportedInterfaceOrientations_iPhone = "UIInterfaceOrientationPortrait UIInterfaceOrientationLandscapeLeft UIInterfaceOrientationLandscapeRight";
				LD_RUNPATH_SEARCH_PATHS = (
					"$(inherited)",
					"@executable_path/Frameworks",
				);
				MARKETING_VERSION = 1.0;
				PRODUCT_BUNDLE_IDENTIFIER = com.kei3islands.Kei3Birds;
				PRODUCT_NAME = "$(TARGET_NAME)";
				STRING_CATALOG_GENERATE_SYMBOLS = YES;
				SWIFT_APPROACHABLE_CONCURRENCY = YES;
				SWIFT_DEFAULT_ACTOR_ISOLATION = MainActor;
				SWIFT_EMIT_LOC_STRINGS = YES;
				SWIFT_UPCOMING_FEATURE_MEMBER_IMPORT_VISIBILITY = YES;
				SWIFT_VERSION = 5.0;
				TARGETED_DEVICE_FAMILY = "1,2";
			};
			name = Debug;
		};
		E7DF48B22F8561EA00C26A41 /* Release */ = {
			isa = XCBuildConfiguration;
			buildSettings = {
				ASSETCATALOG_COMPILER_APPICON_NAME = AppIcon;
				ASSETCATALOG_COMPILER_GLOBAL_ACCENT_COLOR_NAME = AccentColor;
				CODE_SIGN_STYLE = Automatic;
				CURRENT_PROJECT_VERSION = 1;
				DEVELOPMENT_TEAM = D2B3JPR4TJ;
				ENABLE_PREVIEWS = YES;
				GENERATE_INFOPLIST_FILE = YES;
				INFOPLIST_KEY_NSCalendarsUsageDescription = "鳥の写真を撮影するためにカメラを使用します";
				INFOPLIST_KEY_NSLocationWhenInUseUsageDescription = "撮影場所を記録するために位置情報を使用します";
				INFOPLIST_KEY_NSPhotoLibraryUsageDescription = "撮影した鳥の写真を選択するためにフォトライブラリを使用します";
				INFOPLIST_KEY_UIApplicationSceneManifest_Generation = YES;
				INFOPLIST_KEY_UIApplicationSupportsIndirectInputEvents = YES;
				INFOPLIST_KEY_UILaunchScreen_Generation = YES;
				INFOPLIST_KEY_UISupportedInterfaceOrientations_iPad = "UIInterfaceOrientationPortrait UIInterfaceOrientationPortraitUpsideDown UIInterfaceOrientationLandscapeLeft UIInterfaceOrientationLandscapeRight";
				INFOPLIST_KEY_UISupportedInterfaceOrientations_iPhone = "UIInterfaceOrientationPortrait UIInterfaceOrientationLandscapeLeft UIInterfaceOrientationLandscapeRight";
				LD_RUNPATH_SEARCH_PATHS = (
					"$(inherited)",
					"@executable_path/Frameworks",
				);
				MARKETING_VERSION = 1.0;
				PRODUCT_BUNDLE_IDENTIFIER = com.kei3islands.Kei3Birds;
				PRODUCT_NAME = "$(TARGET_NAME)";
				STRING_CATALOG_GENERATE_SYMBOLS = YES;
				SWIFT_APPROACHABLE_CONCURRENCY = YES;
				SWIFT_DEFAULT_ACTOR_ISOLATION = MainActor;
				SWIFT_EMIT_LOC_STRINGS = YES;
				SWIFT_UPCOMING_FEATURE_MEMBER_IMPORT_VISIBILITY = YES;
				SWIFT_VERSION = 5.0;
				TARGETED_DEVICE_FAMILY = "1,2";
			};
			name = Release;
		};
		E7DF48B42F8561EA00C26A41 /* Debug */ = {
			isa = XCBuildConfiguration;
			buildSettings = {
				BUNDLE_LOADER = "$(TEST_HOST)";
				CODE_SIGN_STYLE = Automatic;
				CURRENT_PROJECT_VERSION = 1;
				DEVELOPMENT_TEAM = D2B3JPR4TJ;
				GENERATE_INFOPLIST_FILE = YES;
				IPHONEOS_DEPLOYMENT_TARGET = 26.2;
				MARKETING_VERSION = 1.0;
				PRODUCT_BUNDLE_IDENTIFIER = com.kei3islands.Kei3BirdsTests;
				PRODUCT_NAME = "$(TARGET_NAME)";
				STRING_CATALOG_GENERATE_SYMBOLS = NO;
				SWIFT_APPROACHABLE_CONCURRENCY = YES;
				SWIFT_EMIT_LOC_STRINGS = NO;
				SWIFT_UPCOMING_FEATURE_MEMBER_IMPORT_VISIBILITY = YES;
				SWIFT_VERSION = 5.0;
				TARGETED_DEVICE_FAMILY = "1,2";
				TEST_HOST = "$(BUILT_PRODUCTS_DIR)/Kei3Birds.app/$(BUNDLE_EXECUTABLE_FOLDER_PATH)/Kei3Birds";
			};
			name = Debug;
		};
		E7DF48B52F8561EA00C26A41 /* Release */ = {
			isa = XCBuildConfiguration;
			buildSettings = {
				BUNDLE_LOADER = "$(TEST_HOST)";
				CODE_SIGN_STYLE = Automatic;
				CURRENT_PROJECT_VERSION = 1;
				DEVELOPMENT_TEAM = D2B3JPR4TJ;
				GENERATE_INFOPLIST_FILE = YES;
				IPHONEOS_DEPLOYMENT_TARGET = 26.2;
				MARKETING_VERSION = 1.0;
				PRODUCT_BUNDLE_IDENTIFIER = com.kei3islands.Kei3BirdsTests;
				PRODUCT_NAME = "$(TARGET_NAME)";
				STRING_CATALOG_GENERATE_SYMBOLS = NO;
				SWIFT_APPROACHABLE_CONCURRENCY = YES;
				SWIFT_EMIT_LOC_STRINGS = NO;
				SWIFT_UPCOMING_FEATURE_MEMBER_IMPORT_VISIBILITY = YES;
				SWIFT_VERSION = 5.0;
				TARGETED_DEVICE_FAMILY = "1,2";
				TEST_HOST = "$(BUILT_PRODUCTS_DIR)/Kei3Birds.app/$(BUNDLE_EXECUTABLE_FOLDER_PATH)/Kei3Birds";
			};
			name = Release;
		};
		E7DF48B72F8561EA00C26A41 /* Debug */ = {
			isa = XCBuildConfiguration;
			buildSettings = {
				CODE_SIGN_STYLE = Automatic;
				CURRENT_PROJECT_VERSION = 1;
				DEVELOPMENT_TEAM = D2B3JPR4TJ;
				GENERATE_INFOPLIST_FILE = YES;
				MARKETING_VERSION = 1.0;
				PRODUCT_BUNDLE_IDENTIFIER = com.kei3islands.Kei3BirdsUITests;
				PRODUCT_NAME = "$(TARGET_NAME)";
				STRING_CATALOG_GENERATE_SYMBOLS = NO;
				SWIFT_APPROACHABLE_CONCURRENCY = YES;
				SWIFT_EMIT_LOC_STRINGS = NO;
				SWIFT_UPCOMING_FEATURE_MEMBER_IMPORT_VISIBILITY = YES;
				SWIFT_VERSION = 5.0;
				TARGETED_DEVICE_FAMILY = "1,2";
				TEST_TARGET_NAME = Kei3Birds;
			};
			name = Debug;
		};
		E7DF48B82F8561EA00C26A41 /* Release */ = {
			isa = XCBuildConfiguration;
			buildSettings = {
				CODE_SIGN_STYLE = Automatic;
				CURRENT_PROJECT_VERSION = 1;
				DEVELOPMENT_TEAM = D2B3JPR4TJ;
				GENERATE_INFOPLIST_FILE = YES;
				MARKETING_VERSION = 1.0;
				PRODUCT_BUNDLE_IDENTIFIER = com.kei3islands.Kei3BirdsUITests;
				PRODUCT_NAME = "$(TARGET_NAME)";
				STRING_CATALOG_GENERATE_SYMBOLS = NO;
				SWIFT_APPROACHABLE_CONCURRENCY = YES;
				SWIFT_EMIT_LOC_STRINGS = NO;
				SWIFT_UPCOMING_FEATURE_MEMBER_IMPORT_VISIBILITY = YES;
				SWIFT_VERSION = 5.0;
				TARGETED_DEVICE_FAMILY = "1,2";
				TEST_TARGET_NAME = Kei3Birds;
			};
			name = Release;
		};
/* End XCBuildConfiguration section */

/* Begin XCConfigurationList section */
		E7DF488A2F8561E900C26A41 /* Build configuration list for PBXProject "Kei3Birds" */ = {
			isa = XCConfigurationList;
			buildConfigurations = (
				E7DF48AE2F8561EA00C26A41 /* Debug */,
				E7DF48AF2F8561EA00C26A41 /* Release */,
			);
			defaultConfigurationIsVisible = 0;
			defaultConfigurationName = Release;
		};
		E7DF48B02F8561EA00C26A41 /* Build configuration list for PBXNativeTarget "Kei3Birds" */ = {
			isa = XCConfigurationList;
			buildConfigurations = (
				E7DF48B12F8561EA00C26A41 /* Debug */,
				E7DF48B22F8561EA00C26A41 /* Release */,
			);
			defaultConfigurationIsVisible = 0;
			defaultConfigurationName = Release;
		};
		E7DF48B32F8561EA00C26A41 /* Build configuration list for PBXNativeTarget "Kei3BirdsTests" */ = {
			isa = XCConfigurationList;
			buildConfigurations = (
				E7DF48B42F8561EA00C26A41 /* Debug */,
				E7DF48B52F8561EA00C26A41 /* Release */,
			);
			defaultConfigurationIsVisible = 0;
			defaultConfigurationName = Release;
		};
		E7DF48B62F8561EA00C26A41 /* Build configuration list for PBXNativeTarget "Kei3BirdsUITests" */ = {
			isa = XCConfigurationList;
			buildConfigurations = (
				E7DF48B72F8561EA00C26A41 /* Debug */,
				E7DF48B82F8561EA00C26A41 /* Release */,
			);
			defaultConfigurationIsVisible = 0;
			defaultConfigurationName = Release;
		};
/* End XCConfigurationList section */
	};
	rootObject = E7DF48872F8561E900C26A41 /* Project object */;
}
